// !$*UTF8*$!
{
	archiveVersion = 1;
	classes = {
	};
	objectVersion = 46;
	objects = {

/* Begin PBXBuildFile section */
		34F40DB9031E088ADD87A4A7 /* Pods_CancellationTokenExtensionsTests.framework in Frameworks */ = {isa = PBXBuildFile; fileRef = 0CFA28BDB580EF3BFAA2154D /* Pods_CancellationTokenExtensionsTests.framework */; };
		ABDFDDA1F77D0B1AB9A7C8F2 /* Pods_CancellationTokenExtensions.framework in Frameworks */ = {isa = PBXBuildFile; fileRef = AE19903584A58896305BEBC3 /* Pods_CancellationTokenExtensions.framework */; };
		E232229D1BA2EB2B00446670 /* CancellationToken.swift in Sources */ = {isa = PBXBuildFile; fileRef = E232229C1BA2EB2B00446670 /* CancellationToken.swift */; };
		E25251F11D496ABA00AC99B8 /* Alamofire+Cancellation.swift in Sources */ = {isa = PBXBuildFile; fileRef = E2C47DA41B1B5A60000B4B5B /* Alamofire+Cancellation.swift */; };
		E2C47D9B1B1B58FE000B4B5B /* CancellationTokenExtensionsTests.swift in Sources */ = {isa = PBXBuildFile; fileRef = E2C47D9A1B1B58FE000B4B5B /* CancellationTokenExtensionsTests.swift */; };
		E2C47DAB1B1B5A60000B4B5B /* Fibonacci+Cancellation.swift in Sources */ = {isa = PBXBuildFile; fileRef = E2C47DA71B1B5A60000B4B5B /* Fibonacci+Cancellation.swift */; };
		E2DEA14D1B1B7D260040EDBD /* CancellationTokenExtensions.framework in Frameworks */ = {isa = PBXBuildFile; fileRef = E2C47D881B1B58FE000B4B5B /* CancellationTokenExtensions.framework */; };
/* End PBXBuildFile section */

/* Begin PBXContainerItemProxy section */
		E2C47D951B1B58FE000B4B5B /* PBXContainerItemProxy */ = {
			isa = PBXContainerItemProxy;
			containerPortal = E2C47D7F1B1B58FE000B4B5B /* Project object */;
			proxyType = 1;
			remoteGlobalIDString = E2C47D871B1B58FE000B4B5B;
			remoteInfo = CancellationTokenExtensions;
		};
/* End PBXContainerItemProxy section */

/* Begin PBXFileReference section */
		0CFA28BDB580EF3BFAA2154D /* Pods_CancellationTokenExtensionsTests.framework */ = {isa = PBXFileReference; explicitFileType = wrapper.framework; includeInIndex = 0; path = Pods_CancellationTokenExtensionsTests.framework; sourceTree = BUILT_PRODUCTS_DIR; };
		560E1C8B3E5E6FCB507F695A /* Pods_CancellationTokenExtensionPods_CancellationTokenExtensionsTests.framework */ = {isa = PBXFileReference; explicitFileType = wrapper.framework; includeInIndex = 0; path = Pods_CancellationTokenExtensionPods_CancellationTokenExtensionsTests.framework; sourceTree = BUILT_PRODUCTS_DIR; };
		57C90A0E7953B8231E88C0C4 /* Pods-CancellationTokenExtensions.release.xcconfig */ = {isa = PBXFileReference; includeInIndex = 1; lastKnownFileType = text.xcconfig; name = "Pods-CancellationTokenExtensions.release.xcconfig"; path = "Pods/Target Support Files/Pods-CancellationTokenExtensions/Pods-CancellationTokenExtensions.release.xcconfig"; sourceTree = "<group>"; };
		652069CCAC562650B43D65AE /* Pods-CancellationTokenExtensions.debug.xcconfig */ = {isa = PBXFileReference; includeInIndex = 1; lastKnownFileType = text.xcconfig; name = "Pods-CancellationTokenExtensions.debug.xcconfig"; path = "Pods/Target Support Files/Pods-CancellationTokenExtensions/Pods-CancellationTokenExtensions.debug.xcconfig"; sourceTree = "<group>"; };
		9378B98BC348FFC877D93FB7 /* Pods-CancellationTokenExtensionPods-CancellationTokenExtensions.debug.xcconfig */ = {isa = PBXFileReference; includeInIndex = 1; lastKnownFileType = text.xcconfig; name = "Pods-CancellationTokenExtensionPods-CancellationTokenExtensions.debug.xcconfig"; path = "Pods/Target Support Files/Pods-CancellationTokenExtensionPods-CancellationTokenExtensions/Pods-CancellationTokenExtensionPods-CancellationTokenExtensions.debug.xcconfig"; sourceTree = "<group>"; };
		94036B7CEB500885108EA055 /* Pods-CancellationTokenExtensionPods-CancellationTokenExtensions.release.xcconfig */ = {isa = PBXFileReference; includeInIndex = 1; lastKnownFileType = text.xcconfig; name = "Pods-CancellationTokenExtensionPods-CancellationTokenExtensions.release.xcconfig"; path = "Pods/Target Support Files/Pods-CancellationTokenExtensionPods-CancellationTokenExtensions/Pods-CancellationTokenExtensionPods-CancellationTokenExtensions.release.xcconfig"; sourceTree = "<group>"; };
		AE19903584A58896305BEBC3 /* Pods_CancellationTokenExtensions.framework */ = {isa = PBXFileReference; explicitFileType = wrapper.framework; includeInIndex = 0; path = Pods_CancellationTokenExtensions.framework; sourceTree = BUILT_PRODUCTS_DIR; };
		DBD7B27814C8C253EA29DA4D /* Pods.framework */ = {isa = PBXFileReference; explicitFileType = wrapper.framework; includeInIndex = 0; path = Pods.framework; sourceTree = BUILT_PRODUCTS_DIR; };
		E232229C1BA2EB2B00446670 /* CancellationToken.swift */ = {isa = PBXFileReference; fileEncoding = 4; lastKnownFileType = sourcecode.swift; name = CancellationToken.swift; path = ../src/CancellationToken/CancellationToken.swift; sourceTree = "<group>"; };
		E2C47D881B1B58FE000B4B5B /* CancellationTokenExtensions.framework */ = {isa = PBXFileReference; explicitFileType = wrapper.framework; includeInIndex = 0; path = CancellationTokenExtensions.framework; sourceTree = BUILT_PRODUCTS_DIR; };
		E2C47D8C1B1B58FE000B4B5B /* Info.plist */ = {isa = PBXFileReference; lastKnownFileType = text.plist.xml; path = Info.plist; sourceTree = "<group>"; };
		E2C47D931B1B58FE000B4B5B /* CancellationTokenExtensionsTests.xctest */ = {isa = PBXFileReference; explicitFileType = wrapper.cfbundle; includeInIndex = 0; path = CancellationTokenExtensionsTests.xctest; sourceTree = BUILT_PRODUCTS_DIR; };
		E2C47D991B1B58FE000B4B5B /* Info.plist */ = {isa = PBXFileReference; lastKnownFileType = text.plist.xml; path = Info.plist; sourceTree = "<group>"; };
		E2C47D9A1B1B58FE000B4B5B /* CancellationTokenExtensionsTests.swift */ = {isa = PBXFileReference; lastKnownFileType = sourcecode.swift; path = CancellationTokenExtensionsTests.swift; sourceTree = "<group>"; };
		E2C47DA41B1B5A60000B4B5B /* Alamofire+Cancellation.swift */ = {isa = PBXFileReference; fileEncoding = 4; lastKnownFileType = sourcecode.swift; path = "Alamofire+Cancellation.swift"; sourceTree = "<group>"; };
		E2C47DA71B1B5A60000B4B5B /* Fibonacci+Cancellation.swift */ = {isa = PBXFileReference; fileEncoding = 4; lastKnownFileType = sourcecode.swift; path = "Fibonacci+Cancellation.swift"; sourceTree = "<group>"; };
		E2DEA14E1B1B7D3D0040EDBD /* Pods.framework */ = {isa = PBXFileReference; lastKnownFileType = wrapper.framework; name = Pods.framework; path = "Pods/../build/Debug-iphoneos/Pods.framework"; sourceTree = "<group>"; };
		E6EB264AC062579A067C28E7 /* Pods_CancellationTokenExtensionPods_CancellationTokenExtensions.framework */ = {isa = PBXFileReference; explicitFileType = wrapper.framework; includeInIndex = 0; path = Pods_CancellationTokenExtensionPods_CancellationTokenExtensions.framework; sourceTree = BUILT_PRODUCTS_DIR; };
		EFF88A99B705A386D152B923 /* Pods-CancellationTokenExtensionsTests.debug.xcconfig */ = {isa = PBXFileReference; includeInIndex = 1; lastKnownFileType = text.xcconfig; name = "Pods-CancellationTokenExtensionsTests.debug.xcconfig"; path = "Pods/Target Support Files/Pods-CancellationTokenExtensionsTests/Pods-CancellationTokenExtensionsTests.debug.xcconfig"; sourceTree = "<group>"; };
		F2042F8854F4158AAE96449F /* Pods-CancellationTokenExtensionsTests.release.xcconfig */ = {isa = PBXFileReference; includeInIndex = 1; lastKnownFileType = text.xcconfig; name = "Pods-CancellationTokenExtensionsTests.release.xcconfig"; path = "Pods/Target Support Files/Pods-CancellationTokenExtensionsTests/Pods-CancellationTokenExtensionsTests.release.xcconfig"; sourceTree = "<group>"; };
/* End PBXFileReference section */

/* Begin PBXFrameworksBuildPhase section */
		E2C47D841B1B58FE000B4B5B /* Frameworks */ = {
			isa = PBXFrameworksBuildPhase;
			buildActionMask = 2147483647;
			files = (
				ABDFDDA1F77D0B1AB9A7C8F2 /* Pods_CancellationTokenExtensions.framework in Frameworks */,
			);
			runOnlyForDeploymentPostprocessing = 0;
		};
		E2C47D901B1B58FE000B4B5B /* Frameworks */ = {
			isa = PBXFrameworksBuildPhase;
			buildActionMask = 2147483647;
			files = (
				E2DEA14D1B1B7D260040EDBD /* CancellationTokenExtensions.framework in Frameworks */,
				34F40DB9031E088ADD87A4A7 /* Pods_CancellationTokenExtensionsTests.framework in Frameworks */,
			);
			runOnlyForDeploymentPostprocessing = 0;
		};
/* End PBXFrameworksBuildPhase section */

/* Begin PBXGroup section */
		04F63526057470B9C33FB2F7 /* Frameworks */ = {
			isa = PBXGroup;
			children = (
				E2DEA14E1B1B7D3D0040EDBD /* Pods.framework */,
				DBD7B27814C8C253EA29DA4D /* Pods.framework */,
				0CFA28BDB580EF3BFAA2154D /* Pods_CancellationTokenExtensionsTests.framework */,
				560E1C8B3E5E6FCB507F695A /* Pods_CancellationTokenExtensionPods_CancellationTokenExtensionsTests.framework */,
				E6EB264AC062579A067C28E7 /* Pods_CancellationTokenExtensionPods_CancellationTokenExtensions.framework */,
				AE19903584A58896305BEBC3 /* Pods_CancellationTokenExtensions.framework */,
			);
			name = Frameworks;
			sourceTree = "<group>";
		};
		28E1032A190234AB2AF1F052 /* Pods */ = {
			isa = PBXGroup;
			children = (
				9378B98BC348FFC877D93FB7 /* Pods-CancellationTokenExtensionPods-CancellationTokenExtensions.debug.xcconfig */,
				94036B7CEB500885108EA055 /* Pods-CancellationTokenExtensionPods-CancellationTokenExtensions.release.xcconfig */,
				652069CCAC562650B43D65AE /* Pods-CancellationTokenExtensions.debug.xcconfig */,
				57C90A0E7953B8231E88C0C4 /* Pods-CancellationTokenExtensions.release.xcconfig */,
				EFF88A99B705A386D152B923 /* Pods-CancellationTokenExtensionsTests.debug.xcconfig */,
				F2042F8854F4158AAE96449F /* Pods-CancellationTokenExtensionsTests.release.xcconfig */,
			);
			name = Pods;
			sourceTree = "<group>";
		};
		E232229E1BA2EB7300446670 /* CancellationToken */ = {
			isa = PBXGroup;
			children = (
				E232229C1BA2EB2B00446670 /* CancellationToken.swift */,
			);
			name = CancellationToken;
			sourceTree = "<group>";
		};
		E2C47D7E1B1B58FE000B4B5B = {
			isa = PBXGroup;
			children = (
				E232229E1BA2EB7300446670 /* CancellationToken */,
				E2C47D8A1B1B58FE000B4B5B /* CancellationTokenExtensions */,
				E2C47D971B1B58FE000B4B5B /* CancellationTokenExtensionsTests */,
				E2C47D891B1B58FE000B4B5B /* Products */,
				04F63526057470B9C33FB2F7 /* Frameworks */,
				28E1032A190234AB2AF1F052 /* Pods */,
			);
			sourceTree = "<group>";
		};
		E2C47D891B1B58FE000B4B5B /* Products */ = {
			isa = PBXGroup;
			children = (
				E2C47D881B1B58FE000B4B5B /* CancellationTokenExtensions.framework */,
				E2C47D931B1B58FE000B4B5B /* CancellationTokenExtensionsTests.xctest */,
			);
			name = Products;
			sourceTree = "<group>";
		};
		E2C47D8A1B1B58FE000B4B5B /* CancellationTokenExtensions */ = {
			isa = PBXGroup;
			children = (
				E2C47DA41B1B5A60000B4B5B /* Alamofire+Cancellation.swift */,
				E2C47DA71B1B5A60000B4B5B /* Fibonacci+Cancellation.swift */,
				E2C47D8B1B1B58FE000B4B5B /* Supporting Files */,
			);
			path = CancellationTokenExtensions;
			sourceTree = "<group>";
		};
		E2C47D8B1B1B58FE000B4B5B /* Supporting Files */ = {
			isa = PBXGroup;
			children = (
				E2C47D8C1B1B58FE000B4B5B /* Info.plist */,
			);
			name = "Supporting Files";
			sourceTree = "<group>";
		};
		E2C47D971B1B58FE000B4B5B /* CancellationTokenExtensionsTests */ = {
			isa = PBXGroup;
			children = (
				E2C47D9A1B1B58FE000B4B5B /* CancellationTokenExtensionsTests.swift */,
				E2C47D981B1B58FE000B4B5B /* Supporting Files */,
			);
			path = CancellationTokenExtensionsTests;
			sourceTree = "<group>";
		};
		E2C47D981B1B58FE000B4B5B /* Supporting Files */ = {
			isa = PBXGroup;
			children = (
				E2C47D991B1B58FE000B4B5B /* Info.plist */,
			);
			name = "Supporting Files";
			sourceTree = "<group>";
		};
/* End PBXGroup section */

/* Begin PBXHeadersBuildPhase section */
		E2C47D851B1B58FE000B4B5B /* Headers */ = {
			isa = PBXHeadersBuildPhase;
			buildActionMask = 2147483647;
			files = (
			);
			runOnlyForDeploymentPostprocessing = 0;
		};
/* End PBXHeadersBuildPhase section */

/* Begin PBXNativeTarget section */
		E2C47D871B1B58FE000B4B5B /* CancellationTokenExtensions */ = {
			isa = PBXNativeTarget;
			buildConfigurationList = E2C47D9E1B1B58FE000B4B5B /* Build configuration list for PBXNativeTarget "CancellationTokenExtensions" */;
			buildPhases = (
				3598F003FB21C1EC1B5F3ECD /* [CP] Check Pods Manifest.lock */,
				E2C47D831B1B58FE000B4B5B /* Sources */,
				E2C47D841B1B58FE000B4B5B /* Frameworks */,
				E2C47D851B1B58FE000B4B5B /* Headers */,
				E2C47D861B1B58FE000B4B5B /* Resources */,
				9E741E01D69118265071C707 /* [CP] Copy Pods Resources */,
			);
			buildRules = (
			);
			dependencies = (
			);
			name = CancellationTokenExtensions;
			productName = CancellationTokenExtensions;
			productReference = E2C47D881B1B58FE000B4B5B /* CancellationTokenExtensions.framework */;
			productType = "com.apple.product-type.framework";
		};
		E2C47D921B1B58FE000B4B5B /* CancellationTokenExtensionsTests */ = {
			isa = PBXNativeTarget;
			buildConfigurationList = E2C47DA11B1B58FE000B4B5B /* Build configuration list for PBXNativeTarget "CancellationTokenExtensionsTests" */;
			buildPhases = (
				D623E610FB27551641FF37FA /* [CP] Check Pods Manifest.lock */,
				E2C47D8F1B1B58FE000B4B5B /* Sources */,
				E2C47D901B1B58FE000B4B5B /* Frameworks */,
				E2C47D911B1B58FE000B4B5B /* Resources */,
				CDED85E5449BA0F4034DF2F7 /* [CP] Embed Pods Frameworks */,
				F92931D9927BB5AB3537FF48 /* [CP] Copy Pods Resources */,
			);
			buildRules = (
			);
			dependencies = (
				E2C47D961B1B58FE000B4B5B /* PBXTargetDependency */,
			);
			name = CancellationTokenExtensionsTests;
			productName = CancellationTokenExtensionsTests;
			productReference = E2C47D931B1B58FE000B4B5B /* CancellationTokenExtensionsTests.xctest */;
			productType = "com.apple.product-type.bundle.unit-test";
		};
/* End PBXNativeTarget section */

/* Begin PBXProject section */
		E2C47D7F1B1B58FE000B4B5B /* Project object */ = {
			isa = PBXProject;
			attributes = {
				LastUpgradeCheck = 0800;
				ORGANIZATIONNAME = nonstrict;
				TargetAttributes = {
					E2C47D871B1B58FE000B4B5B = {
						CreatedOnToolsVersion = 6.3.2;
						LastSwiftMigration = 0800;
					};
					E2C47D921B1B58FE000B4B5B = {
						CreatedOnToolsVersion = 6.3.2;
						LastSwiftMigration = 0800;
					};
				};
			};
			buildConfigurationList = E2C47D821B1B58FE000B4B5B /* Build configuration list for PBXProject "CancellationTokenExtensions" */;
			compatibilityVersion = "Xcode 3.2";
			developmentRegion = English;
			hasScannedForEncodings = 0;
			knownRegions = (
				en,
			);
			mainGroup = E2C47D7E1B1B58FE000B4B5B;
			productRefGroup = E2C47D891B1B58FE000B4B5B /* Products */;
			projectDirPath = "";
			projectRoot = "";
			targets = (
				E2C47D871B1B58FE000B4B5B /* CancellationTokenExtensions */,
				E2C47D921B1B58FE000B4B5B /* CancellationTokenExtensionsTests */,
			);
		};
/* End PBXProject section */

/* Begin PBXResourcesBuildPhase section */
		E2C47D861B1B58FE000B4B5B /* Resources */ = {
			isa = PBXResourcesBuildPhase;
			buildActionMask = 2147483647;
			files = (
			);
			runOnlyForDeploymentPostprocessing = 0;
		};
		E2C47D911B1B58FE000B4B5B /* Resources */ = {
			isa = PBXResourcesBuildPhase;
			buildActionMask = 2147483647;
			files = (
			);
			runOnlyForDeploymentPostprocessing = 0;
		};
/* End PBXResourcesBuildPhase section */

/* Begin PBXShellScriptBuildPhase section */
		3598F003FB21C1EC1B5F3ECD /* [CP] Check Pods Manifest.lock */ = {
			isa = PBXShellScriptBuildPhase;
			buildActionMask = 2147483647;
			files = (
			);
			inputPaths = (
			);
			name = "[CP] Check Pods Manifest.lock";
			outputPaths = (
			);
			runOnlyForDeploymentPostprocessing = 0;
			shellPath = /bin/sh;
			shellScript = "diff \"${PODS_PODFILE_DIR_PATH}/Podfile.lock\" \"${PODS_ROOT}/Manifest.lock\" > /dev/null\nif [ $? != 0 ] ; then\n    # print error to STDERR\n    echo \"error: The sandbox is not in sync with the Podfile.lock. Run 'pod install' or update your CocoaPods installation.\" >&2\n    exit 1\nfi\n";
			showEnvVarsInLog = 0;
		};
		9E741E01D69118265071C707 /* [CP] Copy Pods Resources */ = {
			isa = PBXShellScriptBuildPhase;
			buildActionMask = 2147483647;
			files = (
			);
			inputPaths = (
			);
			name = "[CP] Copy Pods Resources";
			outputPaths = (
			);
			runOnlyForDeploymentPostprocessing = 0;
			shellPath = /bin/sh;
			shellScript = "\"${SRCROOT}/Pods/Target Support Files/Pods-CancellationTokenExtensions/Pods-CancellationTokenExtensions-resources.sh\"\n";
			showEnvVarsInLog = 0;
		};
		CDED85E5449BA0F4034DF2F7 /* [CP] Embed Pods Frameworks */ = {
			isa = PBXShellScriptBuildPhase;
			buildActionMask = 2147483647;
			files = (
			);
			inputPaths = (
			);
			name = "[CP] Embed Pods Frameworks";
			outputPaths = (
			);
			runOnlyForDeploymentPostprocessing = 0;
			shellPath = /bin/sh;
			shellScript = "\"${SRCROOT}/Pods/Target Support Files/Pods-CancellationTokenExtensionsTests/Pods-CancellationTokenExtensionsTests-frameworks.sh\"\n";
			showEnvVarsInLog = 0;
		};
		D623E610FB27551641FF37FA /* [CP] Check Pods Manifest.lock */ = {
			isa = PBXShellScriptBuildPhase;
			buildActionMask = 2147483647;
			files = (
			);
			inputPaths = (
			);
			name = "[CP] Check Pods Manifest.lock";
			outputPaths = (
			);
			runOnlyForDeploymentPostprocessing = 0;
			shellPath = /bin/sh;
			shellScript = "diff \"${PODS_PODFILE_DIR_PATH}/Podfile.lock\" \"${PODS_ROOT}/Manifest.lock\" > /dev/null\nif [ $? != 0 ] ; then\n    # print error to STDERR\n    echo \"error: The sandbox is not in sync with the Podfile.lock. Run 'pod install' or update your CocoaPods installation.\" >&2\n    exit 1\nfi\n";
			showEnvVarsInLog = 0;
		};
		F92931D9927BB5AB3537FF48 /* [CP] Copy Pods Resources */ = {
			isa = PBXShellScriptBuildPhase;
			buildActionMask = 2147483647;
			files = (
			);
			inputPaths = (
			);
			name = "[CP] Copy Pods Resources";
			outputPaths = (
			);
			runOnlyForDeploymentPostprocessing = 0;
			shellPath = /bin/sh;
			shellScript = "\"${SRCROOT}/Pods/Target Support Files/Pods-CancellationTokenExtensionsTests/Pods-CancellationTokenExtensionsTests-resources.sh\"\n";
			showEnvVarsInLog = 0;
		};
/* End PBXShellScriptBuildPhase section */

/* Begin PBXSourcesBuildPhase section */
		E2C47D831B1B58FE000B4B5B /* Sources */ = {
			isa = PBXSourcesBuildPhase;
			buildActionMask = 2147483647;
			files = (
				E2C47DAB1B1B5A60000B4B5B /* Fibonacci+Cancellation.swift in Sources */,
				E232229D1BA2EB2B00446670 /* CancellationToken.swift in Sources */,
				E25251F11D496ABA00AC99B8 /* Alamofire+Cancellation.swift in Sources */,
			);
			runOnlyForDeploymentPostprocessing = 0;
		};
		E2C47D8F1B1B58FE000B4B5B /* Sources */ = {
			isa = PBXSourcesBuildPhase;
			buildActionMask = 2147483647;
			files = (
				E2C47D9B1B1B58FE000B4B5B /* CancellationTokenExtensionsTests.swift in Sources */,
			);
			runOnlyForDeploymentPostprocessing = 0;
		};
/* End PBXSourcesBuildPhase section */

/* Begin PBXTargetDependency section */
		E2C47D961B1B58FE000B4B5B /* PBXTargetDependency */ = {
			isa = PBXTargetDependency;
			target = E2C47D871B1B58FE000B4B5B /* CancellationTokenExtensions */;
			targetProxy = E2C47D951B1B58FE000B4B5B /* PBXContainerItemProxy */;
		};
/* End PBXTargetDependency section */

/* Begin XCBuildConfiguration section */
		E2C47D9C1B1B58FE000B4B5B /* Debug */ = {
			isa = XCBuildConfiguration;
			buildSettings = {
				ALWAYS_SEARCH_USER_PATHS = NO;
				CLANG_CXX_LANGUAGE_STANDARD = "gnu++0x";
				CLANG_CXX_LIBRARY = "libc++";
				CLANG_ENABLE_MODULES = YES;
				CLANG_ENABLE_OBJC_ARC = YES;
				CLANG_WARN_BOOL_CONVERSION = YES;
				CLANG_WARN_CONSTANT_CONVERSION = YES;
				CLANG_WARN_DIRECT_OBJC_ISA_USAGE = YES_ERROR;
				CLANG_WARN_EMPTY_BODY = YES;
				CLANG_WARN_ENUM_CONVERSION = YES;
				CLANG_WARN_INT_CONVERSION = YES;
				CLANG_WARN_OBJC_ROOT_CLASS = YES_ERROR;
				CLANG_WARN_UNREACHABLE_CODE = YES;
				CLANG_WARN__DUPLICATE_METHOD_MATCH = YES;
				"CODE_SIGN_IDENTITY[sdk=iphoneos*]" = "iPhone Developer";
				COPY_PHASE_STRIP = NO;
				CURRENT_PROJECT_VERSION = 1;
				DEBUG_INFORMATION_FORMAT = "dwarf-with-dsym";
				ENABLE_STRICT_OBJC_MSGSEND = YES;
				ENABLE_TESTABILITY = YES;
				GCC_C_LANGUAGE_STANDARD = gnu99;
				GCC_DYNAMIC_NO_PIC = NO;
				GCC_NO_COMMON_BLOCKS = YES;
				GCC_OPTIMIZATION_LEVEL = 0;
				GCC_PREPROCESSOR_DEFINITIONS = (
					"DEBUG=1",
					"$(inherited)",
				);
				GCC_SYMBOLS_PRIVATE_EXTERN = NO;
				GCC_WARN_64_TO_32_BIT_CONVERSION = YES;
				GCC_WARN_ABOUT_RETURN_TYPE = YES_ERROR;
				GCC_WARN_UNDECLARED_SELECTOR = YES;
				GCC_WARN_UNINITIALIZED_AUTOS = YES_AGGRESSIVE;
				GCC_WARN_UNUSED_FUNCTION = YES;
				GCC_WARN_UNUSED_VARIABLE = YES;
				IPHONEOS_DEPLOYMENT_TARGET = 9.0;
				MTL_ENABLE_DEBUG_INFO = YES;
				ONLY_ACTIVE_ARCH = YES;
				SDKROOT = iphoneos;
				SWIFT_OPTIMIZATION_LEVEL = "-Onone";
				TARGETED_DEVICE_FAMILY = "1,2";
				VERSIONING_SYSTEM = "apple-generic";
				VERSION_INFO_PREFIX = "";
			};
			name = Debug;
		};
		E2C47D9D1B1B58FE000B4B5B /* Release */ = {
			isa = XCBuildConfiguration;
			buildSettings = {
				ALWAYS_SEARCH_USER_PATHS = NO;
				CLANG_CXX_LANGUAGE_STANDARD = "gnu++0x";
				CLANG_CXX_LIBRARY = "libc++";
				CLANG_ENABLE_MODULES = YES;
				CLANG_ENABLE_OBJC_ARC = YES;
				CLANG_WARN_BOOL_CONVERSION = YES;
				CLANG_WARN_CONSTANT_CONVERSION = YES;
				CLANG_WARN_DIRECT_OBJC_ISA_USAGE = YES_ERROR;
				CLANG_WARN_EMPTY_BODY = YES;
				CLANG_WARN_ENUM_CONVERSION = YES;
				CLANG_WARN_INT_CONVERSION = YES;
				CLANG_WARN_OBJC_ROOT_CLASS = YES_ERROR;
				CLANG_WARN_UNREACHABLE_CODE = YES;
				CLANG_WARN__DUPLICATE_METHOD_MATCH = YES;
				"CODE_SIGN_IDENTITY[sdk=iphoneos*]" = "iPhone Developer";
				COPY_PHASE_STRIP = NO;
				CURRENT_PROJECT_VERSION = 1;
				DEBUG_INFORMATION_FORMAT = "dwarf-with-dsym";
				ENABLE_NS_ASSERTIONS = NO;
				ENABLE_STRICT_OBJC_MSGSEND = YES;
				GCC_C_LANGUAGE_STANDARD = gnu99;
				GCC_NO_COMMON_BLOCKS = YES;
				GCC_WARN_64_TO_32_BIT_CONVERSION = YES;
				GCC_WARN_ABOUT_RETURN_TYPE = YES_ERROR;
				GCC_WARN_UNDECLARED_SELECTOR = YES;
				GCC_WARN_UNINITIALIZED_AUTOS = YES_AGGRESSIVE;
				GCC_WARN_UNUSED_FUNCTION = YES;
				GCC_WARN_UNUSED_VARIABLE = YES;
				IPHONEOS_DEPLOYMENT_TARGET = 9.0;
				MTL_ENABLE_DEBUG_INFO = NO;
				SDKROOT = iphoneos;
				TARGETED_DEVICE_FAMILY = "1,2";
				VALIDATE_PRODUCT = YES;
				VERSIONING_SYSTEM = "apple-generic";
				VERSION_INFO_PREFIX = "";
			};
			name = Release;
		};
		E2C47D9F1B1B58FE000B4B5B /* Debug */ = {
			isa = XCBuildConfiguration;
			baseConfigurationReference = 652069CCAC562650B43D65AE /* Pods-CancellationTokenExtensions.debug.xcconfig */;
			buildSettings = {
				DEFINES_MODULE = YES;
				DYLIB_COMPATIBILITY_VERSION = 1;
				DYLIB_CURRENT_VERSION = 1;
				DYLIB_INSTALL_NAME_BASE = "@rpath";
				INFOPLIST_FILE = CancellationTokenExtensions/Info.plist;
				INSTALL_PATH = "$(LOCAL_LIBRARY_DIR)/Frameworks";
				LD_RUNPATH_SEARCH_PATHS = "$(inherited) @executable_path/Frameworks @loader_path/Frameworks";
				PRODUCT_NAME = "$(TARGET_NAME)";
				SKIP_INSTALL = YES;
				SWIFT_VERSION = 3.0;
			};
			name = Debug;
		};
		E2C47DA01B1B58FE000B4B5B /* Release */ = {
			isa = XCBuildConfiguration;
			baseConfigurationReference = 57C90A0E7953B8231E88C0C4 /* Pods-CancellationTokenExtensions.release.xcconfig */;
			buildSettings = {
				DEFINES_MODULE = YES;
				DYLIB_COMPATIBILITY_VERSION = 1;
				DYLIB_CURRENT_VERSION = 1;
				DYLIB_INSTALL_NAME_BASE = "@rpath";
				INFOPLIST_FILE = CancellationTokenExtensions/Info.plist;
				INSTALL_PATH = "$(LOCAL_LIBRARY_DIR)/Frameworks";
				LD_RUNPATH_SEARCH_PATHS = "$(inherited) @executable_path/Frameworks @loader_path/Frameworks";
				PRODUCT_NAME = "$(TARGET_NAME)";
				SKIP_INSTALL = YES;
				SWIFT_OPTIMIZATION_LEVEL = "-Owholemodule";
				SWIFT_VERSION = 3.0;
			};
			name = Release;
		};
		E2C47DA21B1B58FE000B4B5B /* Debug */ = {
			isa = XCBuildConfiguration;
			baseConfigurationReference = EFF88A99B705A386D152B923 /* Pods-CancellationTokenExtensionsTests.debug.xcconfig */;
			buildSettings = {
				FRAMEWORK_SEARCH_PATHS = "$(inherited)";
				GCC_PREPROCESSOR_DEFINITIONS = (
					"DEBUG=1",
					"$(inherited)",
				);
				INFOPLIST_FILE = CancellationTokenExtensionsTests/Info.plist;
				LD_RUNPATH_SEARCH_PATHS = "$(inherited) @executable_path/Frameworks @loader_path/Frameworks";
				PRODUCT_NAME = "$(TARGET_NAME)";
				SWIFT_VERSION = 3.0;
			};
			name = Debug;
		};
		E2C47DA31B1B58FE000B4B5B /* Release */ = {
			isa = XCBuildConfiguration;
			baseConfigurationReference = F2042F8854F4158AAE96449F /* Pods-CancellationTokenExtensionsTests.release.xcconfig */;
			buildSettings = {
				FRAMEWORK_SEARCH_PATHS = "$(inherited)";
				INFOPLIST_FILE = CancellationTokenExtensionsTests/Info.plist;
				LD_RUNPATH_SEARCH_PATHS = "$(inherited) @executable_path/Frameworks @loader_path/Frameworks";
				PRODUCT_NAME = "$(TARGET_NAME)";
				SWIFT_OPTIMIZATION_LEVEL = "-Owholemodule";
				SWIFT_VERSION = 3.0;
			};
			name = Release;
		};
/* End XCBuildConfiguration section */

/* Begin XCConfigurationList section */
		E2C47D821B1B58FE000B4B5B /* Build configuration list for PBXProject "CancellationTokenExtensions" */ = {
			isa = XCConfigurationList;
			buildConfigurations = (
				E2C47D9C1B1B58FE000B4B5B /* Debug */,
				E2C47D9D1B1B58FE000B4B5B /* Release */,
			);
			defaultConfigurationIsVisible = 0;
			defaultConfigurationName = Release;
		};
		E2C47D9E1B1B58FE000B4B5B /* Build configuration list for PBXNativeTarget "CancellationTokenExtensions" */ = {
			isa = XCConfigurationList;
			buildConfigurations = (
				E2C47D9F1B1B58FE000B4B5B /* Debug */,
				E2C47DA01B1B58FE000B4B5B /* Release */,
			);
			defaultConfigurationIsVisible = 0;
			defaultConfigurationName = Release;
		};
		E2C47DA11B1B58FE000B4B5B /* Build configuration list for PBXNativeTarget "CancellationTokenExtensionsTests" */ = {
			isa = XCConfigurationList;
			buildConfigurations = (
				E2C47DA21B1B58FE000B4B5B /* Debug */,
				E2C47DA31B1B58FE000B4B5B /* Release */,
			);
			defaultConfigurationIsVisible = 0;
			defaultConfigurationName = Release;
		};
/* End XCConfigurationList section */
	};
	rootObject = E2C47D7F1B1B58FE000B4B5B /* Project object */;
}
