// !$*UTF8*$!
{
	archiveVersion = 1;
	classes = {
	};
	objectVersion = 46;
	objects = {

/* Begin PBXBuildFile section */
		E2D0FAD91A0E1127008F58FC /* CancellationTokenExamples.framework in Frameworks */ = {isa = PBXBuildFile; fileRef = E2D0FACD1A0E1127008F58FC /* CancellationTokenExamples.framework */; };
		E2D0FAE01A0E1127008F58FC /* CancellationTokenExamplesTests.swift in Sources */ = {isa = PBXBuildFile; fileRef = E2D0FADF1A0E1127008F58FC /* CancellationTokenExamplesTests.swift */; };
		E2D0FAF61A0E132E008F58FC /* Alamofire.framework in Frameworks */ = {isa = PBXBuildFile; fileRef = E2D0FAEF1A0E1258008F58FC /* Alamofire.framework */; };
		E2D0FAF81A0E2CAF008F58FC /* Alamofire+Cancellation.swift in Sources */ = {isa = PBXBuildFile; fileRef = E2D0FAF71A0E2CAF008F58FC /* Alamofire+Cancellation.swift */; };
		E2D0FB041A0E3999008F58FC /* CancellationToken.framework in Frameworks */ = {isa = PBXBuildFile; fileRef = E2D0FB011A0E3991008F58FC /* CancellationToken.framework */; };
		E2D0FB071A0E68A1008F58FC /* tiny-networking.swift in Sources */ = {isa = PBXBuildFile; fileRef = E2D0FB061A0E68A1008F58FC /* tiny-networking.swift */; };
		E2D0FB0D1A0E7054008F58FC /* TinyNetworking+Cancellation.swift in Sources */ = {isa = PBXBuildFile; fileRef = E2D0FB0C1A0E7054008F58FC /* TinyNetworking+Cancellation.swift */; };
		E2E229721A0E94090078D1C8 /* Fibonacci+Cancellation.swift in Sources */ = {isa = PBXBuildFile; fileRef = E2E229711A0E94090078D1C8 /* Fibonacci+Cancellation.swift */; };
/* End PBXBuildFile section */

/* Begin PBXContainerItemProxy section */
		E2D0FADA1A0E1127008F58FC /* PBXContainerItemProxy */ = {
			isa = PBXContainerItemProxy;
			containerPortal = E2D0FAC41A0E1127008F58FC /* Project object */;
			proxyType = 1;
			remoteGlobalIDString = E2D0FACC1A0E1127008F58FC;
			remoteInfo = CancellationTokenExamples;
		};
		E2D0FAEE1A0E1258008F58FC /* PBXContainerItemProxy */ = {
			isa = PBXContainerItemProxy;
			containerPortal = E2D0FAE91A0E1258008F58FC /* Alamofire.xcodeproj */;
			proxyType = 2;
			remoteGlobalIDString = F8111E3319A95C8B0040E7D1;
			remoteInfo = Alamofire;
		};
		E2D0FAF01A0E1258008F58FC /* PBXContainerItemProxy */ = {
			isa = PBXContainerItemProxy;
			containerPortal = E2D0FAE91A0E1258008F58FC /* Alamofire.xcodeproj */;
			proxyType = 2;
			remoteGlobalIDString = F8111E3E19A95C8B0040E7D1;
			remoteInfo = AlamofireTests;
		};
		E2D0FB001A0E3991008F58FC /* PBXContainerItemProxy */ = {
			isa = PBXContainerItemProxy;
			containerPortal = E2D0FAFB1A0E3991008F58FC /* CancellationToken.xcodeproj */;
			proxyType = 2;
			remoteGlobalIDString = E248CD551A03C09B00CDF373;
			remoteInfo = CancellationToken;
		};
		E2D0FB021A0E3991008F58FC /* PBXContainerItemProxy */ = {
			isa = PBXContainerItemProxy;
			containerPortal = E2D0FAFB1A0E3991008F58FC /* CancellationToken.xcodeproj */;
			proxyType = 2;
			remoteGlobalIDString = E248CD601A03C09B00CDF373;
			remoteInfo = CancellationTokenTests;
		};
/* End PBXContainerItemProxy section */

/* Begin PBXFileReference section */
		E2D0FACD1A0E1127008F58FC /* CancellationTokenExamples.framework */ = {isa = PBXFileReference; explicitFileType = wrapper.framework; includeInIndex = 0; path = CancellationTokenExamples.framework; sourceTree = BUILT_PRODUCTS_DIR; };
		E2D0FAD11A0E1127008F58FC /* Info.plist */ = {isa = PBXFileReference; lastKnownFileType = text.plist.xml; path = Info.plist; sourceTree = "<group>"; };
		E2D0FAD81A0E1127008F58FC /* CancellationTokenExamplesTests.xctest */ = {isa = PBXFileReference; explicitFileType = wrapper.cfbundle; includeInIndex = 0; path = CancellationTokenExamplesTests.xctest; sourceTree = BUILT_PRODUCTS_DIR; };
		E2D0FADE1A0E1127008F58FC /* Info.plist */ = {isa = PBXFileReference; lastKnownFileType = text.plist.xml; path = Info.plist; sourceTree = "<group>"; };
		E2D0FADF1A0E1127008F58FC /* CancellationTokenExamplesTests.swift */ = {isa = PBXFileReference; lastKnownFileType = sourcecode.swift; path = CancellationTokenExamplesTests.swift; sourceTree = "<group>"; };
		E2D0FAE91A0E1258008F58FC /* Alamofire.xcodeproj */ = {isa = PBXFileReference; lastKnownFileType = "wrapper.pb-project"; name = Alamofire.xcodeproj; path = Alamofire/Alamofire.xcodeproj; sourceTree = "<group>"; };
		E2D0FAF71A0E2CAF008F58FC /* Alamofire+Cancellation.swift */ = {isa = PBXFileReference; fileEncoding = 4; lastKnownFileType = sourcecode.swift; path = "Alamofire+Cancellation.swift"; sourceTree = "<group>"; };
		E2D0FAFB1A0E3991008F58FC /* CancellationToken.xcodeproj */ = {isa = PBXFileReference; lastKnownFileType = "wrapper.pb-project"; name = CancellationToken.xcodeproj; path = ../src/CancellationToken.xcodeproj; sourceTree = "<group>"; };
		E2D0FB061A0E68A1008F58FC /* tiny-networking.swift */ = {isa = PBXFileReference; fileEncoding = 4; lastKnownFileType = sourcecode.swift; path = "tiny-networking.swift"; sourceTree = "<group>"; };
		E2D0FB0C1A0E7054008F58FC /* TinyNetworking+Cancellation.swift */ = {isa = PBXFileReference; fileEncoding = 4; lastKnownFileType = sourcecode.swift; path = "TinyNetworking+Cancellation.swift"; sourceTree = "<group>"; };
		E2E229711A0E94090078D1C8 /* Fibonacci+Cancellation.swift */ = {isa = PBXFileReference; fileEncoding = 4; lastKnownFileType = sourcecode.swift; path = "Fibonacci+Cancellation.swift"; sourceTree = "<group>"; };
/* End PBXFileReference section */

/* Begin PBXFrameworksBuildPhase section */
		E2D0FAC91A0E1127008F58FC /* Frameworks */ = {
			isa = PBXFrameworksBuildPhase;
			buildActionMask = 2147483647;
			files = (
				E2D0FB041A0E3999008F58FC /* CancellationToken.framework in Frameworks */,
				E2D0FAF61A0E132E008F58FC /* Alamofire.framework in Frameworks */,
			);
			runOnlyForDeploymentPostprocessing = 0;
		};
		E2D0FAD51A0E1127008F58FC /* Frameworks */ = {
			isa = PBXFrameworksBuildPhase;
			buildActionMask = 2147483647;
			files = (
				E2D0FAD91A0E1127008F58FC /* CancellationTokenExamples.framework in Frameworks */,
			);
			runOnlyForDeploymentPostprocessing = 0;
		};
/* End PBXFrameworksBuildPhase section */

/* Begin PBXGroup section */
		E2D0FAC31A0E1127008F58FC = {
			isa = PBXGroup;
			children = (
				E2D0FAFB1A0E3991008F58FC /* CancellationToken.xcodeproj */,
				E2D0FAE91A0E1258008F58FC /* Alamofire.xcodeproj */,
				E2D0FACF1A0E1127008F58FC /* CancellationTokenExamples */,
				E2D0FADC1A0E1127008F58FC /* CancellationTokenExamplesTests */,
				E2D0FACE1A0E1127008F58FC /* Products */,
			);
			sourceTree = "<group>";
		};
		E2D0FACE1A0E1127008F58FC /* Products */ = {
			isa = PBXGroup;
			children = (
				E2D0FACD1A0E1127008F58FC /* CancellationTokenExamples.framework */,
				E2D0FAD81A0E1127008F58FC /* CancellationTokenExamplesTests.xctest */,
			);
			name = Products;
			sourceTree = "<group>";
		};
		E2D0FACF1A0E1127008F58FC /* CancellationTokenExamples */ = {
			isa = PBXGroup;
			children = (
				E2D0FB051A0E687D008F58FC /* External */,
				E2D0FAD01A0E1127008F58FC /* Supporting Files */,
				E2D0FAF71A0E2CAF008F58FC /* Alamofire+Cancellation.swift */,
				E2E229711A0E94090078D1C8 /* Fibonacci+Cancellation.swift */,
				E2D0FB0C1A0E7054008F58FC /* TinyNetworking+Cancellation.swift */,
			);
			path = CancellationTokenExamples;
			sourceTree = "<group>";
		};
		E2D0FAD01A0E1127008F58FC /* Supporting Files */ = {
			isa = PBXGroup;
			children = (
				E2D0FAD11A0E1127008F58FC /* Info.plist */,
			);
			name = "Supporting Files";
			sourceTree = "<group>";
		};
		E2D0FADC1A0E1127008F58FC /* CancellationTokenExamplesTests */ = {
			isa = PBXGroup;
			children = (
				E2D0FADF1A0E1127008F58FC /* CancellationTokenExamplesTests.swift */,
				E2D0FADD1A0E1127008F58FC /* Supporting Files */,
			);
			path = CancellationTokenExamplesTests;
			sourceTree = "<group>";
		};
		E2D0FADD1A0E1127008F58FC /* Supporting Files */ = {
			isa = PBXGroup;
			children = (
				E2D0FADE1A0E1127008F58FC /* Info.plist */,
			);
			name = "Supporting Files";
			sourceTree = "<group>";
		};
		E2D0FAEA1A0E1258008F58FC /* Products */ = {
			isa = PBXGroup;
			children = (
				E2D0FAEF1A0E1258008F58FC /* Alamofire.framework */,
				E2D0FAF11A0E1258008F58FC /* AlamofireTests.xctest */,
			);
			name = Products;
			sourceTree = "<group>";
		};
		E2D0FAFC1A0E3991008F58FC /* Products */ = {
			isa = PBXGroup;
			children = (
				E2D0FB011A0E3991008F58FC /* CancellationToken.framework */,
				E2D0FB031A0E3991008F58FC /* CancellationTokenTests.xctest */,
			);
			name = Products;
			sourceTree = "<group>";
		};
		E2D0FB051A0E687D008F58FC /* External */ = {
			isa = PBXGroup;
			children = (
				E2D0FB061A0E68A1008F58FC /* tiny-networking.swift */,
			);
			path = External;
			sourceTree = "<group>";
		};
/* End PBXGroup section */

/* Begin PBXHeadersBuildPhase section */
		E2D0FACA1A0E1127008F58FC /* Headers */ = {
			isa = PBXHeadersBuildPhase;
			buildActionMask = 2147483647;
			files = (
			);
			runOnlyForDeploymentPostprocessing = 0;
		};
/* End PBXHeadersBuildPhase section */

/* Begin PBXNativeTarget section */
		E2D0FACC1A0E1127008F58FC /* CancellationTokenExamples */ = {
			isa = PBXNativeTarget;
			buildConfigurationList = E2D0FAE31A0E1127008F58FC /* Build configuration list for PBXNativeTarget "CancellationTokenExamples" */;
			buildPhases = (
				E2D0FAC81A0E1127008F58FC /* Sources */,
				E2D0FAC91A0E1127008F58FC /* Frameworks */,
				E2D0FACA1A0E1127008F58FC /* Headers */,
				E2D0FACB1A0E1127008F58FC /* Resources */,
			);
			buildRules = (
			);
			dependencies = (
			);
			name = CancellationTokenExamples;
			productName = CancellationTokenExamples;
			productReference = E2D0FACD1A0E1127008F58FC /* CancellationTokenExamples.framework */;
			productType = "com.apple.product-type.framework";
		};
		E2D0FAD71A0E1127008F58FC /* CancellationTokenExamplesTests */ = {
			isa = PBXNativeTarget;
			buildConfigurationList = E2D0FAE61A0E1127008F58FC /* Build configuration list for PBXNativeTarget "CancellationTokenExamplesTests" */;
			buildPhases = (
				E2D0FAD41A0E1127008F58FC /* Sources */,
				E2D0FAD51A0E1127008F58FC /* Frameworks */,
				E2D0FAD61A0E1127008F58FC /* Resources */,
			);
			buildRules = (
			);
			dependencies = (
				E2D0FADB1A0E1127008F58FC /* PBXTargetDependency */,
			);
			name = CancellationTokenExamplesTests;
			productName = CancellationTokenExamplesTests;
			productReference = E2D0FAD81A0E1127008F58FC /* CancellationTokenExamplesTests.xctest */;
			productType = "com.apple.product-type.bundle.unit-test";
		};
/* End PBXNativeTarget section */

/* Begin PBXProject section */
		E2D0FAC41A0E1127008F58FC /* Project object */ = {
			isa = PBXProject;
			attributes = {
				LastUpgradeCheck = 0610;
				ORGANIZATIONNAME = "Tom Lokhorst";
				TargetAttributes = {
					E2D0FACC1A0E1127008F58FC = {
						CreatedOnToolsVersion = 6.1;
					};
					E2D0FAD71A0E1127008F58FC = {
						CreatedOnToolsVersion = 6.1;
					};
				};
			};
			buildConfigurationList = E2D0FAC71A0E1127008F58FC /* Build configuration list for PBXProject "CancellationTokenExamples" */;
			compatibilityVersion = "Xcode 3.2";
			developmentRegion = English;
			hasScannedForEncodings = 0;
			knownRegions = (
				en,
			);
			mainGroup = E2D0FAC31A0E1127008F58FC;
			productRefGroup = E2D0FACE1A0E1127008F58FC /* Products */;
			projectDirPath = "";
			projectReferences = (
				{
					ProductGroup = E2D0FAEA1A0E1258008F58FC /* Products */;
					ProjectRef = E2D0FAE91A0E1258008F58FC /* Alamofire.xcodeproj */;
				},
				{
					ProductGroup = E2D0FAFC1A0E3991008F58FC /* Products */;
					ProjectRef = E2D0FAFB1A0E3991008F58FC /* CancellationToken.xcodeproj */;
				},
			);
			projectRoot = "";
			targets = (
				E2D0FACC1A0E1127008F58FC /* CancellationTokenExamples */,
				E2D0FAD71A0E1127008F58FC /* CancellationTokenExamplesTests */,
			);
		};
/* End PBXProject section */

/* Begin PBXReferenceProxy section */
		E2D0FAEF1A0E1258008F58FC /* Alamofire.framework */ = {
			isa = PBXReferenceProxy;
			fileType = wrapper.framework;
			path = Alamofire.framework;
			remoteRef = E2D0FAEE1A0E1258008F58FC /* PBXContainerItemProxy */;
			sourceTree = BUILT_PRODUCTS_DIR;
		};
		E2D0FAF11A0E1258008F58FC /* AlamofireTests.xctest */ = {
			isa = PBXReferenceProxy;
			fileType = wrapper.cfbundle;
			path = AlamofireTests.xctest;
			remoteRef = E2D0FAF01A0E1258008F58FC /* PBXContainerItemProxy */;
			sourceTree = BUILT_PRODUCTS_DIR;
		};
		E2D0FB011A0E3991008F58FC /* CancellationToken.framework */ = {
			isa = PBXReferenceProxy;
			fileType = wrapper.framework;
			path = CancellationToken.framework;
			remoteRef = E2D0FB001A0E3991008F58FC /* PBXContainerItemProxy */;
			sourceTree = BUILT_PRODUCTS_DIR;
		};
		E2D0FB031A0E3991008F58FC /* CancellationTokenTests.xctest */ = {
			isa = PBXReferenceProxy;
			fileType = wrapper.cfbundle;
			path = CancellationTokenTests.xctest;
			remoteRef = E2D0FB021A0E3991008F58FC /* PBXContainerItemProxy */;
			sourceTree = BUILT_PRODUCTS_DIR;
		};
/* End PBXReferenceProxy section */

/* Begin PBXResourcesBuildPhase section */
		E2D0FACB1A0E1127008F58FC /* Resources */ = {
			isa = PBXResourcesBuildPhase;
			buildActionMask = 2147483647;
			files = (
			);
			runOnlyForDeploymentPostprocessing = 0;
		};
		E2D0FAD61A0E1127008F58FC /* Resources */ = {
			isa = PBXResourcesBuildPhase;
			buildActionMask = 2147483647;
			files = (
			);
			runOnlyForDeploymentPostprocessing = 0;
		};
/* End PBXResourcesBuildPhase section */

/* Begin PBXSourcesBuildPhase section */
		E2D0FAC81A0E1127008F58FC /* Sources */ = {
			isa = PBXSourcesBuildPhase;
			buildActionMask = 2147483647;
			files = (
				E2D0FB0D1A0E7054008F58FC /* TinyNetworking+Cancellation.swift in Sources */,
				E2E229721A0E94090078D1C8 /* Fibonacci+Cancellation.swift in Sources */,
				E2D0FAF81A0E2CAF008F58FC /* Alamofire+Cancellation.swift in Sources */,
				E2D0FB071A0E68A1008F58FC /* tiny-networking.swift in Sources */,
			);
			runOnlyForDeploymentPostprocessing = 0;
		};
		E2D0FAD41A0E1127008F58FC /* Sources */ = {
			isa = PBXSourcesBuildPhase;
			buildActionMask = 2147483647;
			files = (
				E2D0FAE01A0E1127008F58FC /* CancellationTokenExamplesTests.swift in Sources */,
			);
			runOnlyForDeploymentPostprocessing = 0;
		};
/* End PBXSourcesBuildPhase section */

/* Begin PBXTargetDependency section */
		E2D0FADB1A0E1127008F58FC /* PBXTargetDependency */ = {
			isa = PBXTargetDependency;
			target = E2D0FACC1A0E1127008F58FC /* CancellationTokenExamples */;
			targetProxy = E2D0FADA1A0E1127008F58FC /* PBXContainerItemProxy */;
		};
/* End PBXTargetDependency section */

/* Begin XCBuildConfiguration section */
		E2D0FAE11A0E1127008F58FC /* Debug */ = {
			isa = XCBuildConfiguration;
			buildSettings = {
				ALWAYS_SEARCH_USER_PATHS = NO;
				CLANG_CXX_LANGUAGE_STANDARD = "gnu++0x";
				CLANG_CXX_LIBRARY = "libc++";
				CLANG_ENABLE_MODULES = YES;
				CLANG_ENABLE_OBJC_ARC = YES;
				CLANG_WARN_BOOL_CONVERSION = YES;
				CLANG_WARN_CONSTANT_CONVERSION = YES;
				CLANG_WARN_DIRECT_OBJC_ISA_USAGE = YES_ERROR;
				CLANG_WARN_EMPTY_BODY = YES;
				CLANG_WARN_ENUM_CONVERSION = YES;
				CLANG_WARN_INT_CONVERSION = YES;
				CLANG_WARN_OBJC_ROOT_CLASS = YES_ERROR;
				CLANG_WARN_UNREACHABLE_CODE = YES;
				CLANG_WARN__DUPLICATE_METHOD_MATCH = YES;
				"CODE_SIGN_IDENTITY[sdk=iphoneos*]" = "iPhone Developer";
				COPY_PHASE_STRIP = NO;
				CURRENT_PROJECT_VERSION = 1;
				ENABLE_STRICT_OBJC_MSGSEND = YES;
				GCC_C_LANGUAGE_STANDARD = gnu99;
				GCC_DYNAMIC_NO_PIC = NO;
				GCC_OPTIMIZATION_LEVEL = 0;
				GCC_PREPROCESSOR_DEFINITIONS = (
					"DEBUG=1",
					"$(inherited)",
				);
				GCC_SYMBOLS_PRIVATE_EXTERN = NO;
				GCC_WARN_64_TO_32_BIT_CONVERSION = YES;
				GCC_WARN_ABOUT_RETURN_TYPE = YES_ERROR;
				GCC_WARN_UNDECLARED_SELECTOR = YES;
				GCC_WARN_UNINITIALIZED_AUTOS = YES_AGGRESSIVE;
				GCC_WARN_UNUSED_FUNCTION = YES;
				GCC_WARN_UNUSED_VARIABLE = YES;
				IPHONEOS_DEPLOYMENT_TARGET = 8.1;
				MTL_ENABLE_DEBUG_INFO = YES;
				ONLY_ACTIVE_ARCH = YES;
				SDKROOT = iphoneos;
				SWIFT_OPTIMIZATION_LEVEL = "-Onone";
				TARGETED_DEVICE_FAMILY = "1,2";
				VERSIONING_SYSTEM = "apple-generic";
				VERSION_INFO_PREFIX = "";
			};
			name = Debug;
		};
		E2D0FAE21A0E1127008F58FC /* Release */ = {
			isa = XCBuildConfiguration;
			buildSettings = {
				ALWAYS_SEARCH_USER_PATHS = NO;
				CLANG_CXX_LANGUAGE_STANDARD = "gnu++0x";
				CLANG_CXX_LIBRARY = "libc++";
				CLANG_ENABLE_MODULES = YES;
				CLANG_ENABLE_OBJC_ARC = YES;
				CLANG_WARN_BOOL_CONVERSION = YES;
				CLANG_WARN_CONSTANT_CONVERSION = YES;
				CLANG_WARN_DIRECT_OBJC_ISA_USAGE = YES_ERROR;
				CLANG_WARN_EMPTY_BODY = YES;
				CLANG_WARN_ENUM_CONVERSION = YES;
				CLANG_WARN_INT_CONVERSION = YES;
				CLANG_WARN_OBJC_ROOT_CLASS = YES_ERROR;
				CLANG_WARN_UNREACHABLE_CODE = YES;
				CLANG_WARN__DUPLICATE_METHOD_MATCH = YES;
				"CODE_SIGN_IDENTITY[sdk=iphoneos*]" = "iPhone Developer";
				COPY_PHASE_STRIP = YES;
				CURRENT_PROJECT_VERSION = 1;
				ENABLE_NS_ASSERTIONS = NO;
				ENABLE_STRICT_OBJC_MSGSEND = YES;
				GCC_C_LANGUAGE_STANDARD = gnu99;
				GCC_WARN_64_TO_32_BIT_CONVERSION = YES;
				GCC_WARN_ABOUT_RETURN_TYPE = YES_ERROR;
				GCC_WARN_UNDECLARED_SELECTOR = YES;
				GCC_WARN_UNINITIALIZED_AUTOS = YES_AGGRESSIVE;
				GCC_WARN_UNUSED_FUNCTION = YES;
				GCC_WARN_UNUSED_VARIABLE = YES;
				IPHONEOS_DEPLOYMENT_TARGET = 8.1;
				MTL_ENABLE_DEBUG_INFO = NO;
				SDKROOT = iphoneos;
				TARGETED_DEVICE_FAMILY = "1,2";
				VALIDATE_PRODUCT = YES;
				VERSIONING_SYSTEM = "apple-generic";
				VERSION_INFO_PREFIX = "";
			};
			name = Release;
		};
		E2D0FAE41A0E1127008F58FC /* Debug */ = {
			isa = XCBuildConfiguration;
			buildSettings = {
				CLANG_ENABLE_MODULES = YES;
				DEFINES_MODULE = YES;
				DYLIB_COMPATIBILITY_VERSION = 1;
				DYLIB_CURRENT_VERSION = 1;
				DYLIB_INSTALL_NAME_BASE = "@rpath";
				INFOPLIST_FILE = CancellationTokenExamples/Info.plist;
				INSTALL_PATH = "$(LOCAL_LIBRARY_DIR)/Frameworks";
				IPHONEOS_DEPLOYMENT_TARGET = 8.0;
				LD_RUNPATH_SEARCH_PATHS = "$(inherited) @executable_path/Frameworks @loader_path/Frameworks";
				PRODUCT_NAME = "$(TARGET_NAME)";
				SKIP_INSTALL = YES;
				SWIFT_OPTIMIZATION_LEVEL = "-Onone";
			};
			name = Debug;
		};
		E2D0FAE51A0E1127008F58FC /* Release */ = {
			isa = XCBuildConfiguration;
			buildSettings = {
				CLANG_ENABLE_MODULES = YES;
				DEFINES_MODULE = YES;
				DYLIB_COMPATIBILITY_VERSION = 1;
				DYLIB_CURRENT_VERSION = 1;
				DYLIB_INSTALL_NAME_BASE = "@rpath";
				INFOPLIST_FILE = CancellationTokenExamples/Info.plist;
				INSTALL_PATH = "$(LOCAL_LIBRARY_DIR)/Frameworks";
				IPHONEOS_DEPLOYMENT_TARGET = 8.0;
				LD_RUNPATH_SEARCH_PATHS = "$(inherited) @executable_path/Frameworks @loader_path/Frameworks";
				PRODUCT_NAME = "$(TARGET_NAME)";
				SKIP_INSTALL = YES;
			};
			name = Release;
		};
		E2D0FAE71A0E1127008F58FC /* Debug */ = {
			isa = XCBuildConfiguration;
			buildSettings = {
				FRAMEWORK_SEARCH_PATHS = (
					"$(SDKROOT)/Developer/Library/Frameworks",
					"$(inherited)",
				);
				GCC_PREPROCESSOR_DEFINITIONS = (
					"DEBUG=1",
					"$(inherited)",
				);
				INFOPLIST_FILE = CancellationTokenExamplesTests/Info.plist;
				LD_RUNPATH_SEARCH_PATHS = "$(inherited) @executable_path/Frameworks @loader_path/Frameworks";
				PRODUCT_NAME = "$(TARGET_NAME)";
			};
			name = Debug;
		};
		E2D0FAE81A0E1127008F58FC /* Release */ = {
			isa = XCBuildConfiguration;
			buildSettings = {
				FRAMEWORK_SEARCH_PATHS = (
					"$(SDKROOT)/Developer/Library/Frameworks",
					"$(inherited)",
				);
				INFOPLIST_FILE = CancellationTokenExamplesTests/Info.plist;
				LD_RUNPATH_SEARCH_PATHS = "$(inherited) @executable_path/Frameworks @loader_path/Frameworks";
				PRODUCT_NAME = "$(TARGET_NAME)";
			};
			name = Release;
		};
/* End XCBuildConfiguration section */

/* Begin XCConfigurationList section */
		E2D0FAC71A0E1127008F58FC /* Build configuration list for PBXProject "CancellationTokenExamples" */ = {
			isa = XCConfigurationList;
			buildConfigurations = (
				E2D0FAE11A0E1127008F58FC /* Debug */,
				E2D0FAE21A0E1127008F58FC /* Release */,
			);
			defaultConfigurationIsVisible = 0;
			defaultConfigurationName = Release;
		};
		E2D0FAE31A0E1127008F58FC /* Build configuration list for PBXNativeTarget "CancellationTokenExamples" */ = {
			isa = XCConfigurationList;
			buildConfigurations = (
				E2D0FAE41A0E1127008F58FC /* Debug */,
				E2D0FAE51A0E1127008F58FC /* Release */,
			);
			defaultConfigurationIsVisible = 0;
			defaultConfigurationName = Release;
		};
		E2D0FAE61A0E1127008F58FC /* Build configuration list for PBXNativeTarget "CancellationTokenExamplesTests" */ = {
			isa = XCConfigurationList;
			buildConfigurations = (
				E2D0FAE71A0E1127008F58FC /* Debug */,
				E2D0FAE81A0E1127008F58FC /* Release */,
			);
			defaultConfigurationIsVisible = 0;
			defaultConfigurationName = Release;
		};
/* End XCConfigurationList section */
	};
	rootObject = E2D0FAC41A0E1127008F58FC /* Project object */;
}
